
Microsoft Visual Studio Solution File, Format Version 12.00
# Visual Studio Version 17
VisualStudioVersion = 17.13.35919.96 d17.13
MinimumVisualStudioVersion = 10.0.40219.1
Project("{FAE04EC0-301F-11D3-BF4B-00C04F79EFBC}") = "Json", "Json\Json.csproj", "{3330A7C6-5CD5-4B12-81A7-0FA4B68233F5}"
EndProject
Global
	GlobalSection(SolutionConfigurationPlatforms) = preSolution
		Debug|Any CPU = Debug|Any CPU
		Release|Any CPU = Release|Any CPU
	EndGlobalSection
	GlobalSection(ProjectConfigurationPlatforms) = postSolution
		{3330A7C6-5CD5-4B12-81A7-0FA4B68233F5}.Debug|Any CPU.ActiveCfg = Debug|Any CPU
		{3330A7C6-5CD5-4B12-81A7-0FA4B68233F5}.Debug|Any CPU.Build.0 = Debug|Any CPU
		{3330A7C6-5CD5-4B12-81A7-0FA4B68233F5}.Release|Any CPU.ActiveCfg = Release|Any CPU
		{3330A7C6-5CD5-4B12-81A7-0FA4B68233F5}.Release|Any CPU.Build.0 = Release|Any CPU
	EndGlobalSection
	GlobalSection(SolutionProperties) = preSolution
		HideSolutionNode = FALSE
	EndGlobalSection
	GlobalSection(ExtensibilityGlobals) = postSolution
		SolutionGuid = {E14C0087-561F-496E-91E6-BB65B4036396}
	EndGlobalSection
EndGlobal
